
Microsoft Visual Studio Solution File, Format Version 12.00
# Visual Studio Version 16
VisualStudioVersion = 16.0.32901.82
MinimumVisualStudioVersion = 10.0.40219.1
Project("{FAE04EC0-301F-11D3-BF4B-00C04F79EFBC}") = "TarangsBookStore", "TarangsBookStore\TarangsBookStore.csproj", "{F1BF3FD3-0CAC-4BB5-BF84-B3FE5C7D55A1}"
EndProject
Project("{FAE04EC0-301F-11D3-BF4B-00C04F79EFBC}") = "TarangsBooks.DataAccess", "TarangsBooks.DataAccess\TarangsBooks.DataAccess.csproj", "{79CA22E3-04CA-4E47-8501-E5038D3BCF8A}"
EndProject
Project("{FAE04EC0-301F-11D3-BF4B-00C04F79EFBC}") = "TarangsBooks.Models", "TarangsBooks.Models\TarangsBooks.Models.csproj", "{81A28E15-A60C-4BA8-B063-BB83C1260366}"
EndProject
Project("{FAE04EC0-301F-11D3-BF4B-00C04F79EFBC}") = "TarangsBooks.Utility", "TarangsBooks.Utility\TarangsBooks.Utility.csproj", "{6E97DBA5-C21A-4C97-9A87-7F734E4B754A}"
EndProject
Global
	GlobalSection(SolutionConfigurationPlatforms) = preSolution
		Debug|Any CPU = Debug|Any CPU
		Release|Any CPU = Release|Any CPU
	EndGlobalSection
	GlobalSection(ProjectConfigurationPlatforms) = postSolution
		{F1BF3FD3-0CAC-4BB5-BF84-B3FE5C7D55A1}.Debug|Any CPU.ActiveCfg = Debug|Any CPU
		{F1BF3FD3-0CAC-4BB5-BF84-B3FE5C7D55A1}.Debug|Any CPU.Build.0 = Debug|Any CPU
		{F1BF3FD3-0CAC-4BB5-BF84-B3FE5C7D55A1}.Release|Any CPU.ActiveCfg = Release|Any CPU
		{F1BF3FD3-0CAC-4BB5-BF84-B3FE5C7D55A1}.Release|Any CPU.Build.0 = Release|Any CPU
		{79CA22E3-04CA-4E47-8501-E5038D3BCF8A}.Debug|Any CPU.ActiveCfg = Debug|Any CPU
		{79CA22E3-04CA-4E47-8501-E5038D3BCF8A}.Debug|Any CPU.Build.0 = Debug|Any CPU
		{79CA22E3-04CA-4E47-8501-E5038D3BCF8A}.Release|Any CPU.ActiveCfg = Release|Any CPU
		{79CA22E3-04CA-4E47-8501-E5038D3BCF8A}.Release|Any CPU.Build.0 = Release|Any CPU
		{81A28E15-A60C-4BA8-B063-BB83C1260366}.Debug|Any CPU.ActiveCfg = Debug|Any CPU
		{81A28E15-A60C-4BA8-B063-BB83C1260366}.Debug|Any CPU.Build.0 = Debug|Any CPU
		{81A28E15-A60C-4BA8-B063-BB83C1260366}.Release|Any CPU.ActiveCfg = Release|Any CPU
		{81A28E15-A60C-4BA8-B063-BB83C1260366}.Release|Any CPU.Build.0 = Release|Any CPU
		{6E97DBA5-C21A-4C97-9A87-7F734E4B754A}.Debug|Any CPU.ActiveCfg = Debug|Any CPU
		{6E97DBA5-C21A-4C97-9A87-7F734E4B754A}.Debug|Any CPU.Build.0 = Debug|Any CPU
		{6E97DBA5-C21A-4C97-9A87-7F734E4B754A}.Release|Any CPU.ActiveCfg = Release|Any CPU
		{6E97DBA5-C21A-4C97-9A87-7F734E4B754A}.Release|Any CPU.Build.0 = Release|Any CPU
	EndGlobalSection
	GlobalSection(SolutionProperties) = preSolution
		HideSolutionNode = FALSE
	EndGlobalSection
	GlobalSection(ExtensibilityGlobals) = postSolution
		SolutionGuid = {6174C00F-F6FA-48EE-AA53-A4F56E5D471D}
	EndGlobalSection
EndGlobal
